{
  "name": "docs",
  "version": "1.0.0",
  "lockfileVersion": 1,
  "dependencies": {
    "@material/animation": {
      "version": "0.3.0",
      "resolved": "https://registry.npmjs.org/@material/animation/-/animation-0.3.0.tgz",
      "integrity": "sha1-V7E8decF66lobsXp/QOjYXOM52o="
    },
    "@material/auto-init": {
      "version": "0.1.2",
      "resolved": "https://registry.npmjs.org/@material/auto-init/-/auto-init-0.1.2.tgz",
      "integrity": "sha1-ptX4jv/wjAh+U/VcLN+7Is5vSQE="
    },
    "@material/base": {
      "version": "0.2.3",
      "resolved": "https://registry.npmjs.org/@material/base/-/base-0.2.3.tgz",
      "integrity": "sha1-xOsmttblhAwlStSHWI3E9puXHz4="
    },
    "@material/button": {
      "version": "0.3.10",
      "resolved": "https://registry.npmjs.org/@material/button/-/button-0.3.10.tgz",
      "integrity": "sha1-/sAjlNt57npXmZF/gGB2yAR6AK0="
    },
    "@material/card": {
      "version": "0.2.5",
      "resolved": "https://registry.npmjs.org/@material/card/-/card-0.2.5.tgz",
      "integrity": "sha1-3Fjmi1DlOoiQAGlbDpT4aCNPSv0="
    },
    "@material/checkbox": {
      "version": "0.4.1",
      "resolved": "https://registry.npmjs.org/@material/checkbox/-/checkbox-0.4.1.tgz",
      "integrity": "sha1-fBzAv7EDXaAdGGgbPqmwnbn6C2Y="
    },
    "@material/dialog": {
      "version": "0.3.4",
      "resolved": "https://registry.npmjs.org/@material/dialog/-/dialog-0.3.4.tgz",
      "integrity": "sha1-8l9xCH6p8yVQOrm7OhRH1xvyLVc=",
      "dependencies": {
        "@material/typography": {
          "version": "0.1.1",
          "resolved": "https://registry.npmjs.org/@material/typography/-/typography-0.1.1.tgz",
          "integrity": "sha1-+y40N70yhNOen7kUhXZ63msr0ME="
        }
      }
    },
    "@material/drawer": {
      "version": "0.5.3",
      "resolved": "https://registry.npmjs.org/@material/drawer/-/drawer-0.5.3.tgz",
      "integrity": "sha1-pAT3hOnsix8sZLnB0SmOLG47XI4="
    },
    "@material/elevation": {
      "version": "0.1.10",
      "resolved": "https://registry.npmjs.org/@material/elevation/-/elevation-0.1.10.tgz",
      "integrity": "sha1-8CUMl8gWY1NLg8NCjnZMkCbUG6E="
    },
    "@material/fab": {
      "version": "0.3.12",
      "resolved": "https://registry.npmjs.org/@material/fab/-/fab-0.3.12.tgz",
      "integrity": "sha1-1LK6nagf9KZKWUEqqgUiXqYn/E8="
    },
    "@material/form-field": {
      "version": "0.2.10",
      "resolved": "https://registry.npmjs.org/@material/form-field/-/form-field-0.2.10.tgz",
      "integrity": "sha1-82tag9qayJZ6NiRYImYfPRMxdcU="
    },
    "@material/grid-list": {
      "version": "0.2.7",
      "resolved": "https://registry.npmjs.org/@material/grid-list/-/grid-list-0.2.7.tgz",
      "integrity": "sha1-c9qPhN5zW/SGQNRVKZQH08mfBUg="
    },
    "@material/icon-toggle": {
      "version": "0.1.15",
      "resolved": "https://registry.npmjs.org/@material/icon-toggle/-/icon-toggle-0.1.15.tgz",
      "integrity": "sha1-mWc6qJkW6aza1ov+deebgWZMoJc="
    },
    "@material/layout-grid": {
      "version": "0.4.1",
      "resolved": "https://registry.npmjs.org/@material/layout-grid/-/layout-grid-0.4.1.tgz",
      "integrity": "sha1-MlFuZ1icKCbkUskTuRCLuvAdMBU="
    },
    "@material/linear-progress": {
      "version": "0.1.5",
      "resolved": "https://registry.npmjs.org/@material/linear-progress/-/linear-progress-0.1.5.tgz",
      "integrity": "sha1-U1bwANrMOEvarA20bt8vWjfknFg="
    },
    "@material/list": {
      "version": "0.2.13",
      "resolved": "https://registry.npmjs.org/@material/list/-/list-0.2.13.tgz",
      "integrity": "sha1-bOkZBXrc1OmMJzOKdRy4lXhBAwM="
    },
    "@material/menu": {
      "version": "0.4.2",
      "resolved": "https://registry.npmjs.org/@material/menu/-/menu-0.4.2.tgz",
      "integrity": "sha1-kNdeOfXQ6rB6JFvmam9Pl8s2yhQ="
    },
    "@material/radio": {
      "version": "0.2.8",
      "resolved": "https://registry.npmjs.org/@material/radio/-/radio-0.2.8.tgz",
      "integrity": "sha1-Q6ydTm4iZ0tTPC0TNm4emEnoAWQ="
    },
    "@material/ripple": {
      "version": "0.8.1",
      "resolved": "https://registry.npmjs.org/@material/ripple/-/ripple-0.8.1.tgz",
      "integrity": "sha1-bh2d7mRT9oqM/Tubf80lPMDhLxI="
    },
    "@material/rtl": {
      "version": "0.1.7",
      "resolved": "https://registry.npmjs.org/@material/rtl/-/rtl-0.1.7.tgz",
      "integrity": "sha1-s4t3GvGDvPNNZD9gDxf8QzaYU1o="
    },
    "@material/select": {
      "version": "0.3.11",
      "resolved": "https://registry.npmjs.org/@material/select/-/select-0.3.11.tgz",
      "integrity": "sha1-AU4UH564YgesFCT+z3fEcS23PQQ="
    },
    "@material/slider": {
      "version": "0.2.1",
      "resolved": "https://registry.npmjs.org/@material/slider/-/slider-0.2.1.tgz",
      "integrity": "sha1-x9xuWoj0Nmu+1BukXlVcfQeQP2M="
    },
    "@material/snackbar": {
      "version": "0.3.1",
      "resolved": "https://registry.npmjs.org/@material/snackbar/-/snackbar-0.3.1.tgz",
      "integrity": "sha1-ZJe+Of50zod21r3hjd/Epb11J1E="
    },
    "@material/switch": {
      "version": "0.1.10",
      "resolved": "https://registry.npmjs.org/@material/switch/-/switch-0.1.10.tgz",
      "integrity": "sha1-HWFSC/HIOcelVEM+V0IMpbLVsDo="
    },
    "@material/tabs": {
      "version": "0.2.4",
      "resolved": "https://registry.npmjs.org/@material/tabs/-/tabs-0.2.4.tgz",
      "integrity": "sha1-3cjr5/muzN+NyylqFMCvLDjUhmg="
    },
    "@material/textfield": {
      "version": "0.3.2",
      "resolved": "https://registry.npmjs.org/@material/textfield/-/textfield-0.3.2.tgz",
      "integrity": "sha1-zkph42GFUSsp37idV87RZq49PQs="
    },
    "@material/theme": {
      "version": "0.1.6",
      "resolved": "https://registry.npmjs.org/@material/theme/-/theme-0.1.6.tgz",
      "integrity": "sha1-ogRJc1kKaPYItDnSzjPBdwe8AAw="
    },
    "@material/toolbar": {
      "version": "0.4.3",
      "resolved": "https://registry.npmjs.org/@material/toolbar/-/toolbar-0.4.3.tgz",
      "integrity": "sha1-X8FQ8aQE4FaMSuwDpZsPHzRa0I0="
    },
    "@material/typography": {
      "version": "0.2.3",
      "resolved": "https://registry.npmjs.org/@material/typography/-/typography-0.2.3.tgz",
      "integrity": "sha1-zd9BeAmMnHtMLnijMEk3a01q61M="
    },
    "focus-trap": {
      "version": "2.3.0",
      "resolved": "https://registry.npmjs.org/focus-trap/-/focus-trap-2.3.0.tgz",
      "integrity": "sha1-B8kZZIZ9NGMV9PX434i/lkVTFuI="
    },
    "material-components-web": {
      "version": "0.16.0",
      "resolved": "https://registry.npmjs.org/material-components-web/-/material-components-web-0.16.0.tgz",
      "integrity": "sha1-kTfyDYmiY4znYkBZIP3l88yJ5x8="
    },
    "tabbable": {
      "version": "1.0.6",
      "resolved": "https://registry.npmjs.org/tabbable/-/tabbable-1.0.6.tgz",
      "integrity": "sha1-fCaofqb0ol7fXtthl0WgrnQHJPw="
    }
  }
}
